{
  "requires": true,
  "lockfileVersion": 1,
  "dependencies": {
    "@daniel.chin/interactivetester": {
      "version": "file:https:/registry.npmjs.org/@daniel.chin/interactivetester/-/interactivetester-1.0.0.tgz",
      "integrity": "sha512-3g+apa7fFg+6iHpA7L7eGmJPLJsHN8hdWR7nrvYvqa+fMeM/fcpCJvQnPG2e0anhzsoqRiLmNf6JNTTa4ROvtA=="
    }
  }
}
